Microsoft Visual Studio Solution File, Format Version 12.00
# Visual Studio Version 17
VisualStudioVersion = 17.6.33723.286
MinimumVisualStudioVersion = 10.0.40219.1
Project("{9A19103F-16F7-4668-BE54-9A1E7A4F7556}") = "MGRRimworld", "MGRRimworld\MGRRimworld.csproj", "{B0C3B418-9C1E-4E51-BC20-2DF5A6167DBD}"
EndProject
Global
	GlobalSection(SolutionConfigurationPlatforms) = preSolution
		Debug|Any CPU = Debug|Any CPU
		Release|Any CPU = Release|Any CPU
	EndGlobalSection
	GlobalSection(ProjectConfigurationPlatforms) = postSolution
		{B0C3B418-9C1E-4E51-BC20-2DF5A6167DBD}.Debug|Any CPU.ActiveCfg = Debug|Any CPU
		{B0C3B418-9C1E-4E51-BC20-2DF5A6167DBD}.Debug|Any CPU.Build.0 = Debug|Any CPU
		{B0C3B418-9C1E-4E51-BC20-2DF5A6167DBD}.Release|Any CPU.ActiveCfg = Release|Any CPU
		{B0C3B418-9C1E-4E51-BC20-2DF5A6167DBD}.Release|Any CPU.Build.0 = Release|Any CPU
	EndGlobalSection
	GlobalSection(SolutionProperties) = preSolution
		HideSolutionNode = FALSE
	EndGlobalSection
	GlobalSection(ExtensibilityGlobals) = postSolution
		SolutionGuid = {5f96b4bd-db94-45ac-8cda-ae3670905782}
	EndGlobalSection
EndGlobal
